
Microsoft Visual Studio Solution File, Format Version 12.00
# Visual Studio 2013
VisualStudioVersion = 12.0.30723.0
MinimumVisualStudioVersion = 10.0.40219.1
Project("{FAE04EC0-301F-11D3-BF4B-00C04F79EFBC}") = "CITrafficLight", "CITrafficLight\CITrafficLight.csproj", "{346D0763-269A-4596-8D51-2F96A948B60A}"
EndProject
Project("{FAE04EC0-301F-11D3-BF4B-00C04F79EFBC}") = "TeamCity", "TeamCity\TeamCity.csproj", "{A29A9ABD-38DE-4CFB-98FD-2ACD4B290F29}"
EndProject
Project("{FAE04EC0-301F-11D3-BF4B-00C04F79EFBC}") = "CITrafficLight.Shared", "CITrafficLight.Shared\CITrafficLight.Shared.csproj", "{DCDDBC57-0310-4934-990F-9CFBFC2B5F34}"
EndProject
Project("{FAE04EC0-301F-11D3-BF4B-00C04F79EFBC}") = "Mock", "Mock\Mock.csproj", "{C7F7B448-ED3D-4DCE-96B8-6EC0D061BAA4}"
EndProject
Global
	GlobalSection(SolutionConfigurationPlatforms) = preSolution
		Debug|Any CPU = Debug|Any CPU
		Release|Any CPU = Release|Any CPU
	EndGlobalSection
	GlobalSection(ProjectConfigurationPlatforms) = postSolution
		{346D0763-269A-4596-8D51-2F96A948B60A}.Debug|Any CPU.ActiveCfg = Debug|Any CPU
		{346D0763-269A-4596-8D51-2F96A948B60A}.Debug|Any CPU.Build.0 = Debug|Any CPU
		{346D0763-269A-4596-8D51-2F96A948B60A}.Release|Any CPU.ActiveCfg = Release|Any CPU
		{346D0763-269A-4596-8D51-2F96A948B60A}.Release|Any CPU.Build.0 = Release|Any CPU
		{A29A9ABD-38DE-4CFB-98FD-2ACD4B290F29}.Debug|Any CPU.ActiveCfg = Debug|Any CPU
		{A29A9ABD-38DE-4CFB-98FD-2ACD4B290F29}.Debug|Any CPU.Build.0 = Debug|Any CPU
		{A29A9ABD-38DE-4CFB-98FD-2ACD4B290F29}.Release|Any CPU.ActiveCfg = Release|Any CPU
		{A29A9ABD-38DE-4CFB-98FD-2ACD4B290F29}.Release|Any CPU.Build.0 = Release|Any CPU
		{DCDDBC57-0310-4934-990F-9CFBFC2B5F34}.Debug|Any CPU.ActiveCfg = Debug|Any CPU
		{DCDDBC57-0310-4934-990F-9CFBFC2B5F34}.Debug|Any CPU.Build.0 = Debug|Any CPU
		{DCDDBC57-0310-4934-990F-9CFBFC2B5F34}.Release|Any CPU.ActiveCfg = Release|Any CPU
		{DCDDBC57-0310-4934-990F-9CFBFC2B5F34}.Release|Any CPU.Build.0 = Release|Any CPU
		{C7F7B448-ED3D-4DCE-96B8-6EC0D061BAA4}.Debug|Any CPU.ActiveCfg = Debug|Any CPU
		{C7F7B448-ED3D-4DCE-96B8-6EC0D061BAA4}.Debug|Any CPU.Build.0 = Debug|Any CPU
		{C7F7B448-ED3D-4DCE-96B8-6EC0D061BAA4}.Release|Any CPU.ActiveCfg = Release|Any CPU
		{C7F7B448-ED3D-4DCE-96B8-6EC0D061BAA4}.Release|Any CPU.Build.0 = Release|Any CPU
	EndGlobalSection
	GlobalSection(SolutionProperties) = preSolution
		HideSolutionNode = FALSE
	EndGlobalSection
EndGlobal
